
Microsoft Visual Studio Solution File, Format Version 12.00
# Visual Studio Version 17
VisualStudioVersion = 17.0.31919.166
MinimumVisualStudioVersion = 10.0.40219.1
Project("{2150E333-8FDC-42A3-9474-1A3956D46DE8}") = "core", "core", "{8C9815F2-AA3B-453D-9CBB-C65A9CF2CAFC}"
EndProject
Project("{9A19103F-16F7-4668-BE54-9A1E7A4F7556}") = "Md.Application", "core\Md.Application\Md.Application.csproj", "{BCBBF95E-4143-4997-9F6B-969417B6CF6D}"
EndProject
Project("{2150E333-8FDC-42A3-9474-1A3956D46DE8}") = "infrastructure", "infrastructure", "{20561FB1-144F-46D4-9417-17E1DC78E9C1}"
EndProject
Project("{9A19103F-16F7-4668-BE54-9A1E7A4F7556}") = "Md.Persistentce", "infrastructure\Md.Persistentce\Md.Persistentce.csproj", "{271A83FD-F8BD-490F-81C5-F067A95C069B}"
EndProject
Project("{2150E333-8FDC-42A3-9474-1A3956D46DE8}") = "presentation", "presentation", "{D13EA03E-7250-4349-9496-4B67228DA656}"
EndProject
Project("{9A19103F-16F7-4668-BE54-9A1E7A4F7556}") = "Md.WebApi", "presentation\Md.WebApi\Md.WebApi.csproj", "{7CFDD3F5-3E5B-4E1D-A30F-AF4BEE8F1F32}"
EndProject
Project("{9A19103F-16F7-4668-BE54-9A1E7A4F7556}") = "Md.Domain", "core\Md.Domain\Md.Domain.csproj", "{86E05297-A620-44D2-A480-26033CF3DD58}"
EndProject
Project("{2150E333-8FDC-42A3-9474-1A3956D46DE8}") = "client", "client", "{EC11C07A-2D62-4525-A5C1-DB47D29D3EB3}"
EndProject
Project("{9A19103F-16F7-4668-BE54-9A1E7A4F7556}") = "Md.Bot.WebApi", "client\presentation\Md.Bot.WebApi\Md.Bot.WebApi.csproj", "{8732317D-DA8B-4C23-B60A-C05ED8ABAD57}"
EndProject
Project("{2150E333-8FDC-42A3-9474-1A3956D46DE8}") = "presentation", "presentation", "{29C638C0-9FCF-4881-8D6B-EF1BCF3AA805}"
EndProject
Project("{2150E333-8FDC-42A3-9474-1A3956D46DE8}") = "infrastructure", "infrastructure", "{6394220D-932D-4FAE-9F96-D723D8F3A791}"
EndProject
Project("{2150E333-8FDC-42A3-9474-1A3956D46DE8}") = "core", "core", "{EC5E6ABB-A260-4009-92FC-08AAC8696F70}"
EndProject
Project("{9A19103F-16F7-4668-BE54-9A1E7A4F7556}") = "Md.Bot.Domain", "client\core\Md.Bot.Domain\Md.Bot.Domain.csproj", "{C56EC5B9-B8A0-45B6-8FA8-1C3A2D8ABDE8}"
EndProject
Project("{9A19103F-16F7-4668-BE54-9A1E7A4F7556}") = "Md.Bot.Application", "client\core\Md.Bot.Application\Md.Bot.Application.csproj", "{2F8166B1-2877-4E52-97D0-5CF2A6F2FA99}"
EndProject
Project("{9A19103F-16F7-4668-BE54-9A1E7A4F7556}") = "Md.Bot.Persistentce", "client\infrastructure\Md.Bot.Persistentce\Md.Bot.Persistentce.csproj", "{724DBB4C-8E06-4A10-9391-AB3E92D19ECD}"
EndProject
Project("{9A19103F-16F7-4668-BE54-9A1E7A4F7556}") = "Md.Infrastucture.Meta", "infrastructure\Md.Infrastucture.Meta\Md.Infrastucture.Meta.csproj", "{750D987C-4962-4693-855E-E502EF77CCE5}"
EndProject
Project("{2150E333-8FDC-42A3-9474-1A3956D46DE8}") = "tools", "tools", "{C05311B6-7D80-4656-A61B-15B9E92B0998}"
EndProject
Project("{9A19103F-16F7-4668-BE54-9A1E7A4F7556}") = "Synapsess.Infrastructure", "tools\Synapsess.Infrastructure\Synapsess.Infrastructure.csproj", "{12C48D64-2417-478C-B905-2D58D94F2F2D}"
EndProject
Project("{FAE04EC0-301F-11D3-BF4B-00C04F79EFBC}") = "Synapsess.Infrastructure.Interfaces", "tools\Synapsess.Infrastructure.Interfaces\Synapsess.Infrastructure.Interfaces.csproj", "{DBD9D712-3B26-4724-8215-09BF8CE5B128}"
EndProject
Project("{2150E333-8FDC-42A3-9474-1A3956D46DE8}") = "tests", "tests", "{CBB78B01-CB73-4FB9-8467-58DC95278EC0}"
EndProject
Project("{FAE04EC0-301F-11D3-BF4B-00C04F79EFBC}") = "Md.WebApi.Tests", "tests\Md.WebApi.Tests\Md.WebApi.Tests.csproj", "{39F085AE-67D3-4ED1-83C5-2478BD351061}"
EndProject
Global
	GlobalSection(SolutionConfigurationPlatforms) = preSolution
		Debug|Any CPU = Debug|Any CPU
		Release|Any CPU = Release|Any CPU
	EndGlobalSection
	GlobalSection(ProjectConfigurationPlatforms) = postSolution
		{BCBBF95E-4143-4997-9F6B-969417B6CF6D}.Debug|Any CPU.ActiveCfg = Debug|Any CPU
		{BCBBF95E-4143-4997-9F6B-969417B6CF6D}.Debug|Any CPU.Build.0 = Debug|Any CPU
		{BCBBF95E-4143-4997-9F6B-969417B6CF6D}.Release|Any CPU.ActiveCfg = Release|Any CPU
		{BCBBF95E-4143-4997-9F6B-969417B6CF6D}.Release|Any CPU.Build.0 = Release|Any CPU
		{271A83FD-F8BD-490F-81C5-F067A95C069B}.Debug|Any CPU.ActiveCfg = Debug|Any CPU
		{271A83FD-F8BD-490F-81C5-F067A95C069B}.Debug|Any CPU.Build.0 = Debug|Any CPU
		{271A83FD-F8BD-490F-81C5-F067A95C069B}.Release|Any CPU.ActiveCfg = Release|Any CPU
		{271A83FD-F8BD-490F-81C5-F067A95C069B}.Release|Any CPU.Build.0 = Release|Any CPU
		{7CFDD3F5-3E5B-4E1D-A30F-AF4BEE8F1F32}.Debug|Any CPU.ActiveCfg = Debug|Any CPU
		{7CFDD3F5-3E5B-4E1D-A30F-AF4BEE8F1F32}.Debug|Any CPU.Build.0 = Debug|Any CPU
		{7CFDD3F5-3E5B-4E1D-A30F-AF4BEE8F1F32}.Release|Any CPU.ActiveCfg = Release|Any CPU
		{7CFDD3F5-3E5B-4E1D-A30F-AF4BEE8F1F32}.Release|Any CPU.Build.0 = Release|Any CPU
		{86E05297-A620-44D2-A480-26033CF3DD58}.Debug|Any CPU.ActiveCfg = Debug|Any CPU
		{86E05297-A620-44D2-A480-26033CF3DD58}.Debug|Any CPU.Build.0 = Debug|Any CPU
		{86E05297-A620-44D2-A480-26033CF3DD58}.Release|Any CPU.ActiveCfg = Release|Any CPU
		{86E05297-A620-44D2-A480-26033CF3DD58}.Release|Any CPU.Build.0 = Release|Any CPU
		{8732317D-DA8B-4C23-B60A-C05ED8ABAD57}.Debug|Any CPU.ActiveCfg = Debug|Any CPU
		{8732317D-DA8B-4C23-B60A-C05ED8ABAD57}.Debug|Any CPU.Build.0 = Debug|Any CPU
		{8732317D-DA8B-4C23-B60A-C05ED8ABAD57}.Release|Any CPU.ActiveCfg = Release|Any CPU
		{8732317D-DA8B-4C23-B60A-C05ED8ABAD57}.Release|Any CPU.Build.0 = Release|Any CPU
		{C56EC5B9-B8A0-45B6-8FA8-1C3A2D8ABDE8}.Debug|Any CPU.ActiveCfg = Debug|Any CPU
		{C56EC5B9-B8A0-45B6-8FA8-1C3A2D8ABDE8}.Debug|Any CPU.Build.0 = Debug|Any CPU
		{C56EC5B9-B8A0-45B6-8FA8-1C3A2D8ABDE8}.Release|Any CPU.ActiveCfg = Release|Any CPU
		{C56EC5B9-B8A0-45B6-8FA8-1C3A2D8ABDE8}.Release|Any CPU.Build.0 = Release|Any CPU
		{2F8166B1-2877-4E52-97D0-5CF2A6F2FA99}.Debug|Any CPU.ActiveCfg = Debug|Any CPU
		{2F8166B1-2877-4E52-97D0-5CF2A6F2FA99}.Debug|Any CPU.Build.0 = Debug|Any CPU
		{2F8166B1-2877-4E52-97D0-5CF2A6F2FA99}.Release|Any CPU.ActiveCfg = Release|Any CPU
		{2F8166B1-2877-4E52-97D0-5CF2A6F2FA99}.Release|Any CPU.Build.0 = Release|Any CPU
		{724DBB4C-8E06-4A10-9391-AB3E92D19ECD}.Debug|Any CPU.ActiveCfg = Debug|Any CPU
		{724DBB4C-8E06-4A10-9391-AB3E92D19ECD}.Debug|Any CPU.Build.0 = Debug|Any CPU
		{724DBB4C-8E06-4A10-9391-AB3E92D19ECD}.Release|Any CPU.ActiveCfg = Release|Any CPU
		{724DBB4C-8E06-4A10-9391-AB3E92D19ECD}.Release|Any CPU.Build.0 = Release|Any CPU
		{750D987C-4962-4693-855E-E502EF77CCE5}.Debug|Any CPU.ActiveCfg = Debug|Any CPU
		{750D987C-4962-4693-855E-E502EF77CCE5}.Debug|Any CPU.Build.0 = Debug|Any CPU
		{750D987C-4962-4693-855E-E502EF77CCE5}.Release|Any CPU.ActiveCfg = Release|Any CPU
		{750D987C-4962-4693-855E-E502EF77CCE5}.Release|Any CPU.Build.0 = Release|Any CPU
		{12C48D64-2417-478C-B905-2D58D94F2F2D}.Debug|Any CPU.ActiveCfg = Debug|Any CPU
		{12C48D64-2417-478C-B905-2D58D94F2F2D}.Debug|Any CPU.Build.0 = Debug|Any CPU
		{12C48D64-2417-478C-B905-2D58D94F2F2D}.Release|Any CPU.ActiveCfg = Release|Any CPU
		{12C48D64-2417-478C-B905-2D58D94F2F2D}.Release|Any CPU.Build.0 = Release|Any CPU
		{DBD9D712-3B26-4724-8215-09BF8CE5B128}.Debug|Any CPU.ActiveCfg = Debug|Any CPU
		{DBD9D712-3B26-4724-8215-09BF8CE5B128}.Debug|Any CPU.Build.0 = Debug|Any CPU
		{DBD9D712-3B26-4724-8215-09BF8CE5B128}.Release|Any CPU.ActiveCfg = Release|Any CPU
		{DBD9D712-3B26-4724-8215-09BF8CE5B128}.Release|Any CPU.Build.0 = Release|Any CPU
		{39F085AE-67D3-4ED1-83C5-2478BD351061}.Debug|Any CPU.ActiveCfg = Debug|Any CPU
		{39F085AE-67D3-4ED1-83C5-2478BD351061}.Debug|Any CPU.Build.0 = Debug|Any CPU
		{39F085AE-67D3-4ED1-83C5-2478BD351061}.Release|Any CPU.ActiveCfg = Release|Any CPU
		{39F085AE-67D3-4ED1-83C5-2478BD351061}.Release|Any CPU.Build.0 = Release|Any CPU
	EndGlobalSection
	GlobalSection(SolutionProperties) = preSolution
		HideSolutionNode = FALSE
	EndGlobalSection
	GlobalSection(NestedProjects) = preSolution
		{BCBBF95E-4143-4997-9F6B-969417B6CF6D} = {8C9815F2-AA3B-453D-9CBB-C65A9CF2CAFC}
		{271A83FD-F8BD-490F-81C5-F067A95C069B} = {20561FB1-144F-46D4-9417-17E1DC78E9C1}
		{7CFDD3F5-3E5B-4E1D-A30F-AF4BEE8F1F32} = {D13EA03E-7250-4349-9496-4B67228DA656}
		{86E05297-A620-44D2-A480-26033CF3DD58} = {8C9815F2-AA3B-453D-9CBB-C65A9CF2CAFC}
		{8732317D-DA8B-4C23-B60A-C05ED8ABAD57} = {29C638C0-9FCF-4881-8D6B-EF1BCF3AA805}
		{29C638C0-9FCF-4881-8D6B-EF1BCF3AA805} = {EC11C07A-2D62-4525-A5C1-DB47D29D3EB3}
		{6394220D-932D-4FAE-9F96-D723D8F3A791} = {EC11C07A-2D62-4525-A5C1-DB47D29D3EB3}
		{EC5E6ABB-A260-4009-92FC-08AAC8696F70} = {EC11C07A-2D62-4525-A5C1-DB47D29D3EB3}
		{C56EC5B9-B8A0-45B6-8FA8-1C3A2D8ABDE8} = {EC5E6ABB-A260-4009-92FC-08AAC8696F70}
		{2F8166B1-2877-4E52-97D0-5CF2A6F2FA99} = {EC5E6ABB-A260-4009-92FC-08AAC8696F70}
		{724DBB4C-8E06-4A10-9391-AB3E92D19ECD} = {6394220D-932D-4FAE-9F96-D723D8F3A791}
		{750D987C-4962-4693-855E-E502EF77CCE5} = {20561FB1-144F-46D4-9417-17E1DC78E9C1}
		{12C48D64-2417-478C-B905-2D58D94F2F2D} = {C05311B6-7D80-4656-A61B-15B9E92B0998}
		{DBD9D712-3B26-4724-8215-09BF8CE5B128} = {C05311B6-7D80-4656-A61B-15B9E92B0998}
		{39F085AE-67D3-4ED1-83C5-2478BD351061} = {CBB78B01-CB73-4FB9-8467-58DC95278EC0}
	EndGlobalSection
	GlobalSection(ExtensibilityGlobals) = postSolution
		SolutionGuid = {A423357E-E229-47D9-A252-81B9A55B2F20}
	EndGlobalSection
EndGlobal
